{
  "pins" : [
    {
      "identity" : "asset",
      "kind" : "remoteSourceControl",
      "location" : "https://github.com/nicolas-miari/Asset.git",
      "state" : {
        "revision" : "016b9d7346573cf4ca688610a159f136f7c7fc8a",
        "version" : "0.0.0"
      }
    }
  ],
  "version" : 2
}
