{
  "pins" : [
    {
      "identity" : "asset",
      "kind" : "remoteSourceControl",
      "location" : "https://github.com/nicolas-miari/Asset.git",
      "state" : {
        "revision" : "d64a66fa0caab0e26b66cb24e10f88e2fd89daa8",
        "version" : "1.0.0"
      }
    }
  ],
  "version" : 2
}
